
Microsoft Visual Studio Solution File, Format Version 12.00
# Visual Studio 14
VisualStudioVersion = 14.0.24720.0
MinimumVisualStudioVersion = 10.0.40219.1
Project("{FAE04EC0-301F-11D3-BF4B-00C04F79EFBC}") = "ProxyControlAPI", "ProxyControlClient\ProxyControlAPI.csproj", "{72F88129-9C70-4A07-A6C4-51AC95106F55}"
EndProject
Project("{FAE04EC0-301F-11D3-BF4B-00C04F79EFBC}") = "ProxyControlAPI-Console", "ProxyControlClient-Console\ProxyControlAPI-Console.csproj", "{A2866908-E8AC-4FA2-86FD-94CC08C72400}"
EndProject
Global
	GlobalSection(SolutionConfigurationPlatforms) = preSolution
		Debug|Any CPU = Debug|Any CPU
		Release|Any CPU = Release|Any CPU
	EndGlobalSection
	GlobalSection(ProjectConfigurationPlatforms) = postSolution
		{72F88129-9C70-4A07-A6C4-51AC95106F55}.Debug|Any CPU.ActiveCfg = Debug|Any CPU
		{72F88129-9C70-4A07-A6C4-51AC95106F55}.Debug|Any CPU.Build.0 = Debug|Any CPU
		{72F88129-9C70-4A07-A6C4-51AC95106F55}.Release|Any CPU.ActiveCfg = Release|Any CPU
		{72F88129-9C70-4A07-A6C4-51AC95106F55}.Release|Any CPU.Build.0 = Release|Any CPU
		{A2866908-E8AC-4FA2-86FD-94CC08C72400}.Debug|Any CPU.ActiveCfg = Debug|Any CPU
		{A2866908-E8AC-4FA2-86FD-94CC08C72400}.Debug|Any CPU.Build.0 = Debug|Any CPU
		{A2866908-E8AC-4FA2-86FD-94CC08C72400}.Release|Any CPU.ActiveCfg = Release|Any CPU
		{A2866908-E8AC-4FA2-86FD-94CC08C72400}.Release|Any CPU.Build.0 = Release|Any CPU
		{A2866908-E8AC-4FA2-86FD-94CC08C72400}.Release|Any CPU.Deploy.0 = Release|Any CPU
	EndGlobalSection
	GlobalSection(SolutionProperties) = preSolution
		HideSolutionNode = FALSE
	EndGlobalSection
EndGlobal
